github.com/andreimerlescu/configurable v0.0.8 h1:Y7wHgGhYZxGSEQ2Zx07PmVB0b6rJI0YJoYRfxqoQbF0=
github.com/andreimerlescu/configurable v0.0.8/go.mod h1:lIL86PTLGv2CSZq5Wo3MCc8v9jVSNG5+l6rnjkeXcSg=
github.com/andreimerlescu/go-countable-waitgroup v0.0.3 h1:xQH6KqhyE+3Dxmm1uAW+jXnuwI3O8SgXhfpEd3qhMwk=
github.com/andreimerlescu/go-countable-waitgroup v0.0.3/go.mod h1:bnjdLlK27r5U6IZSxRaPcyfgCMqZu/KO5LQNNdwF3aU=
github.com/andreimerlescu/go-gematria v0.0.2 h1:qCUkXzA03p1i/2A3dpPMgdE6Q5FrUVKXjhjkjolVMkI=
github.com/andreimerlescu/go-gematria v0.0.2/go.mod h1:QtP1M7h2S2ukGSPROgPMxcmkVlLvoSTlJBhrkbitbjM=
github.com/andreimerlescu/go-sema v0.0.1 h1:+PijxhpaJXDDApRGnOOln23Cddb68T9+wkJtKFMcTuc=
github.com/andreimerlescu/go-sema v0.0.1/go.mod h1:m7krZFMBkrhm0P/4vVLoeeqQMv0m9sC4r9HfjLGxA7k=
github.com/andreimerlescu/go-smartchan v0.0.2 h1:i0IjJZ7e36eQW/SuqFuP8iFKknAbAj7hp9wmGyV2zyI=
github.com/andreimerlescu/go-smartchan v0.0.2/go.mod h1:hwMuEGpMkRSybT+GQ+dTKey32nTqaFJfXbv3UK++T5A=
github.com/davecgh/go-spew v1.1.1 h1:vj9j/u1bqnvCEfJOwUhtlOARqs3+rkHYY13jYWTU97c=
github.com/davecgh/go-spew v1.1.1/go.mod h1:J7Y8YcW2NihsgmVo/mv3lAwl/skON4iLHjSsI+c5H38=
github.com/disintegration/imaging v1.6.2 h1:w1LecBlG2Lnp8B3jk5zSuNqd7b4DXhcjwek1ei82L+c=
github.com/disintegration/imaging v1.6.2/go.mod h1:44/5580QXChDfwIclfc/PCwrr44amcmDAg8hxG0Ewe4=
github.com/go-ini/ini v1.67.0 h1:z6ZrTEZqSWOTyH2FlglNbNgARyHG8oLW9gMELqKr06A=
github.com/go-ini/ini v1.67.0/go.mod h1:ByCAeIL28uOIIG0E3PJtZPDL8WnHpFKFOtgjp+3Ies8=
github.com/kr/pretty v0.1.0 h1:L/CwN0zerZDmRFUapSPitk6f+Q3+0za1rQkzVuMiMFI=
github.com/kr/pretty v0.1.0/go.mod h1:dAy3ld7l9f0ibDNOQOHHMYYIIbhfbHSm3C4ZsoJORNo=
github.com/kr/pty v1.1.1/go.mod h1:pFQYn66WHrOpPYNljwOMqo10TkYh1fy3cYio2l3bCsQ=
github.com/kr/text v0.1.0 h1:45sCR5RtlFHMR4UwH9sdQ5TC8v0qDQCHnXt+kaKSTVE=
github.com/kr/text v0.1.0/go.mod h1:4Jbv+DJW3UT/LiOwJeYQe1efqtUx/iVham/4vfdArNI=
github.com/nfnt/resize v0.0.0-20180221191011-83c6a9932646 h1:zYyBkD/k9seD2A7fsi6Oo2LfFZAehjjQMERAvZLEDnQ=
github.com/nfnt/resize v0.0.0-20180221191011-83c6a9932646/go.mod h1:jpp1/29i3P1S/RLdc7JQKbRpFeM1dOBd8T9ki5s+AY8=
github.com/pixiv/go-libjpeg v0.0.0-20190822045933-3da21a74767d h1:ls+7AYarUlUSetfnN/DKVNcK6W8mQWc6VblmOm4XwX0=
github.com/pixiv/go-libjpeg v0.0.0-20190822045933-3da21a74767d/go.mod h1:DO7ixpslN6XfbWzeNH9vkS5CF2FQUX81B85rYe9zDxU=
github.com/pmezard/go-difflib v1.0.0 h1:4DBwDE0NGyQoBHbLQYPwSUPoCMWR5BEzIk/f1lZbAQM=
github.com/pmezard/go-difflib v1.0.0/go.mod h1:iKH77koFhYxTK1pcRnkKkqfTogsbg7gZNVY4sRDYZ/4=
github.com/stretchr/testify v1.8.4 h1:CcVxjf3Q8PM0mHUKJCdn+eZZtm5yQwehR5yeSVQQcUk=
github.com/stretchr/testify v1.8.4/go.mod h1:sz/lmYIOXD/1dqDmKjjqLyZ2RngseejIcXlSw2iwfAo=
github.com/tealeg/xlsx v1.0.5 h1:+f8oFmvY8Gw1iUXzPk+kz+4GpbDZPK1FhPiQRd+ypgE=
github.com/tealeg/xlsx v1.0.5/go.mod h1:btRS8dz54TDnvKNosuAqxrM1QgN1udgk9O34bDCnORM=
golang.org/x/image v0.0.0-20191009234506-e7c1f5e7dbb8/go.mod h1:FeLwcggjj3mMvU+oOTbSwawSJRM1uh48EjtB4UJZlP0=
golang.org/x/image v0.15.0 h1:kOELfmgrmJlw4Cdb7g/QGuB3CvDrXbqEIww/pNtNBm8=
golang.org/x/image v0.15.0/go.mod h1:HUYqC05R2ZcZ3ejNQsIHQDQiwWM4JBqmm6MKANTp4LE=
golang.org/x/text v0.3.0/go.mod h1:NqM8EUOU14njkJ3fqMW+pc6Ldnwhi/IjpwHt7yyuwOQ=
gopkg.in/check.v1 v0.0.0-20161208181325-20d25e280405/go.mod h1:Co6ibVJAznAaIkqp8huTwlJQCZ016jof/cbN4VW5Yz0=
gopkg.in/check.v1 v1.0.0-20190902080502-41f04d3bba15 h1:YR8cESwS4TdDjEe65xsg0ogRM/Nc3DYOhEAlW+xobZo=
gopkg.in/check.v1 v1.0.0-20190902080502-41f04d3bba15/go.mod h1:Co6ibVJAznAaIkqp8huTwlJQCZ016jof/cbN4VW5Yz0=
gopkg.in/yaml.v3 v3.0.1 h1:fxVm/GzAzEWqLHuvctI91KS9hhNmmWOoWu0XTYJS7CA=
gopkg.in/yaml.v3 v3.0.1/go.mod h1:K4uyk7z7BCEPqu6E+C64Yfv1cQ7kz7rIZviUmN+EgEM=
