github.com/andreimerlescu/configurable v0.0.8 h1:Y7wHgGhYZxGSEQ2Zx07PmVB0b6rJI0YJoYRfxqoQbF0=
github.com/andreimerlescu/configurable v0.0.8/go.mod h1:lIL86PTLGv2CSZq5Wo3MCc8v9jVSNG5+l6rnjkeXcSg=
github.com/andreimerlescu/go-countable-waitgroup v0.0.3 h1:xQH6KqhyE+3Dxmm1uAW+jXnuwI3O8SgXhfpEd3qhMwk=
github.com/andreimerlescu/go-countable-waitgroup v0.0.3/go.mod h1:bnjdLlK27r5U6IZSxRaPcyfgCMqZu/KO5LQNNdwF3aU=
github.com/andreimerlescu/go-gematria v0.0.1 h1:aOaiS3FuSVXKUUacOxEyFexBklMyBku+rHUbwzKoODo=
github.com/andreimerlescu/go-gematria v0.0.1/go.mod h1:QtP1M7h2S2ukGSPROgPMxcmkVlLvoSTlJBhrkbitbjM=
github.com/andreimerlescu/go-sema v0.0.1 h1:+PijxhpaJXDDApRGnOOln23Cddb68T9+wkJtKFMcTuc=
github.com/andreimerlescu/go-sema v0.0.1/go.mod h1:m7krZFMBkrhm0P/4vVLoeeqQMv0m9sC4r9HfjLGxA7k=
github.com/andreimerlescu/go-smartchan v0.0.2 h1:i0IjJZ7e36eQW/SuqFuP8iFKknAbAj7hp9wmGyV2zyI=
github.com/andreimerlescu/go-smartchan v0.0.2/go.mod h1:hwMuEGpMkRSybT+GQ+dTKey32nTqaFJfXbv3UK++T5A=
github.com/go-ini/ini v1.67.0 h1:z6ZrTEZqSWOTyH2FlglNbNgARyHG8oLW9gMELqKr06A=
github.com/go-ini/ini v1.67.0/go.mod h1:ByCAeIL28uOIIG0E3PJtZPDL8WnHpFKFOtgjp+3Ies8=
github.com/kr/pretty v0.1.0/go.mod h1:dAy3ld7l9f0ibDNOQOHHMYYIIbhfbHSm3C4ZsoJORNo=
github.com/kr/pty v1.1.1/go.mod h1:pFQYn66WHrOpPYNljwOMqo10TkYh1fy3cYio2l3bCsQ=
github.com/kr/text v0.1.0/go.mod h1:4Jbv+DJW3UT/LiOwJeYQe1efqtUx/iVham/4vfdArNI=
github.com/tealeg/xlsx v1.0.5 h1:+f8oFmvY8Gw1iUXzPk+kz+4GpbDZPK1FhPiQRd+ypgE=
github.com/tealeg/xlsx v1.0.5/go.mod h1:btRS8dz54TDnvKNosuAqxrM1QgN1udgk9O34bDCnORM=
gopkg.in/check.v1 v0.0.0-20161208181325-20d25e280405/go.mod h1:Co6ibVJAznAaIkqp8huTwlJQCZ016jof/cbN4VW5Yz0=
gopkg.in/check.v1 v1.0.0-20190902080502-41f04d3bba15/go.mod h1:Co6ibVJAznAaIkqp8huTwlJQCZ016jof/cbN4VW5Yz0=
gopkg.in/yaml.v3 v3.0.1 h1:fxVm/GzAzEWqLHuvctI91KS9hhNmmWOoWu0XTYJS7CA=
gopkg.in/yaml.v3 v3.0.1/go.mod h1:K4uyk7z7BCEPqu6E+C64Yfv1cQ7kz7rIZviUmN+EgEM=
